
Microsoft Visual Studio Solution File, Format Version 12.00
# Visual Studio 14
VisualStudioVersion = 14.0.25420.1
MinimumVisualStudioVersion = 10.0.40219.1
Project("{2150E333-8FDC-42A3-9474-1A3956D46DE8}") = "src", "src", "{8820AE97-BB9E-4D6C-A238-B0B2F5921778}"
EndProject
Project("{2150E333-8FDC-42A3-9474-1A3956D46DE8}") = "Solution Items", "Solution Items", "{79B3F436-6019-4D10-9BD5-3F48875A4AE9}"
	ProjectSection(SolutionItems) = preProject
		CHANGELOG.md = CHANGELOG.md
		global.json = global.json
		LICENSE = LICENSE
		README.md = README.md
	EndProjectSection
EndProject
Project("{8BB2217D-0F2D-49D1-97BC-3654ED321F3B}") = "Dotnet.Microservice", "src\Dotnet.Microservice\Dotnet.Microservice.xproj", "{6A92775D-2033-4E0D-B26D-3368891509FE}"
EndProject
Project("{8BB2217D-0F2D-49D1-97BC-3654ED321F3B}") = "Dotnet.Microservice.Owin", "src\Dotnet.Microservice.Owin\Dotnet.Microservice.Owin.xproj", "{B79E210C-E0B8-4203-919B-80FDEBEA0062}"
EndProject
Project("{2150E333-8FDC-42A3-9474-1A3956D46DE8}") = "samples", "samples", "{962987AB-630E-47B5-A9A8-E6D76CF95F29}"
EndProject
Project("{8BB2217D-0F2D-49D1-97BC-3654ED321F3B}") = "Dotnet.Microservice.Owin.Sample", "src\samples\Dotnet.Microservice.Owin.Sample\Dotnet.Microservice.Owin.Sample.xproj", "{BFB94AC2-5CF5-4C56-B802-FB5700911CAF}"
EndProject
Project("{8BB2217D-0F2D-49D1-97BC-3654ED321F3B}") = "Dotnet.Microservice.Netcore", "src\Dotnet.Microservice.Netcore\Dotnet.Microservice.Netcore.xproj", "{73F6C7ED-489C-4D6F-9F7E-A800714286DD}"
EndProject
Project("{8BB2217D-0F2D-49D1-97BC-3654ED321F3B}") = "Dotnet.Microservice.Netcore.Sample", "src\samples\Dotnet.Microservice.Netcore.Sample\Dotnet.Microservice.Netcore.Sample.xproj", "{5BC54D22-7B20-4E6C-A88B-E98BB2B0C373}"
EndProject
Global
	GlobalSection(SolutionConfigurationPlatforms) = preSolution
		Debug|Any CPU = Debug|Any CPU
		Release|Any CPU = Release|Any CPU
	EndGlobalSection
	GlobalSection(ProjectConfigurationPlatforms) = postSolution
		{6A92775D-2033-4E0D-B26D-3368891509FE}.Debug|Any CPU.ActiveCfg = Debug|Any CPU
		{6A92775D-2033-4E0D-B26D-3368891509FE}.Debug|Any CPU.Build.0 = Debug|Any CPU
		{6A92775D-2033-4E0D-B26D-3368891509FE}.Release|Any CPU.ActiveCfg = Release|Any CPU
		{6A92775D-2033-4E0D-B26D-3368891509FE}.Release|Any CPU.Build.0 = Release|Any CPU
		{B79E210C-E0B8-4203-919B-80FDEBEA0062}.Debug|Any CPU.ActiveCfg = Debug|Any CPU
		{B79E210C-E0B8-4203-919B-80FDEBEA0062}.Debug|Any CPU.Build.0 = Debug|Any CPU
		{B79E210C-E0B8-4203-919B-80FDEBEA0062}.Release|Any CPU.ActiveCfg = Release|Any CPU
		{B79E210C-E0B8-4203-919B-80FDEBEA0062}.Release|Any CPU.Build.0 = Release|Any CPU
		{BFB94AC2-5CF5-4C56-B802-FB5700911CAF}.Debug|Any CPU.ActiveCfg = Debug|Any CPU
		{BFB94AC2-5CF5-4C56-B802-FB5700911CAF}.Debug|Any CPU.Build.0 = Debug|Any CPU
		{BFB94AC2-5CF5-4C56-B802-FB5700911CAF}.Release|Any CPU.ActiveCfg = Release|Any CPU
		{BFB94AC2-5CF5-4C56-B802-FB5700911CAF}.Release|Any CPU.Build.0 = Release|Any CPU
		{73F6C7ED-489C-4D6F-9F7E-A800714286DD}.Debug|Any CPU.ActiveCfg = Debug|Any CPU
		{73F6C7ED-489C-4D6F-9F7E-A800714286DD}.Debug|Any CPU.Build.0 = Debug|Any CPU
		{73F6C7ED-489C-4D6F-9F7E-A800714286DD}.Release|Any CPU.ActiveCfg = Release|Any CPU
		{73F6C7ED-489C-4D6F-9F7E-A800714286DD}.Release|Any CPU.Build.0 = Release|Any CPU
		{5BC54D22-7B20-4E6C-A88B-E98BB2B0C373}.Debug|Any CPU.ActiveCfg = Debug|Any CPU
		{5BC54D22-7B20-4E6C-A88B-E98BB2B0C373}.Debug|Any CPU.Build.0 = Debug|Any CPU
		{5BC54D22-7B20-4E6C-A88B-E98BB2B0C373}.Release|Any CPU.ActiveCfg = Release|Any CPU
		{5BC54D22-7B20-4E6C-A88B-E98BB2B0C373}.Release|Any CPU.Build.0 = Release|Any CPU
	EndGlobalSection
	GlobalSection(SolutionProperties) = preSolution
		HideSolutionNode = FALSE
	EndGlobalSection
	GlobalSection(NestedProjects) = preSolution
		{6A92775D-2033-4E0D-B26D-3368891509FE} = {8820AE97-BB9E-4D6C-A238-B0B2F5921778}
		{B79E210C-E0B8-4203-919B-80FDEBEA0062} = {8820AE97-BB9E-4D6C-A238-B0B2F5921778}
		{962987AB-630E-47B5-A9A8-E6D76CF95F29} = {8820AE97-BB9E-4D6C-A238-B0B2F5921778}
		{BFB94AC2-5CF5-4C56-B802-FB5700911CAF} = {962987AB-630E-47B5-A9A8-E6D76CF95F29}
		{73F6C7ED-489C-4D6F-9F7E-A800714286DD} = {8820AE97-BB9E-4D6C-A238-B0B2F5921778}
		{5BC54D22-7B20-4E6C-A88B-E98BB2B0C373} = {962987AB-630E-47B5-A9A8-E6D76CF95F29}
	EndGlobalSection
EndGlobal
