
Microsoft Visual Studio Solution File, Format Version 12.00
# Visual Studio 14
VisualStudioVersion = 14.0.25420.1
MinimumVisualStudioVersion = 10.0.40219.1
Project("{2150E333-8FDC-42A3-9474-1A3956D46DE8}") = "src", "src", "{8820AE97-BB9E-4D6C-A238-B0B2F5921778}"
EndProject
Project("{2150E333-8FDC-42A3-9474-1A3956D46DE8}") = "Solution Items", "Solution Items", "{79B3F436-6019-4D10-9BD5-3F48875A4AE9}"
	ProjectSection(SolutionItems) = preProject
		CHANGELOG.md = CHANGELOG.md
		global.json = global.json
		LICENSE = LICENSE
		README.md = README.md
	EndProjectSection
EndProject
Project("{8BB2217D-0F2D-49D1-97BC-3654ED321F3B}") = "Dotnet.Microservice", "src\Dotnet.Microservice\Dotnet.Microservice.xproj", "{6A92775D-2033-4E0D-B26D-3368891509FE}"
EndProject
Project("{2150E333-8FDC-42A3-9474-1A3956D46DE8}") = "samples", "samples", "{962987AB-630E-47B5-A9A8-E6D76CF95F29}"
EndProject
Global
	GlobalSection(SolutionConfigurationPlatforms) = preSolution
		Debug|Any CPU = Debug|Any CPU
		Release|Any CPU = Release|Any CPU
	EndGlobalSection
	GlobalSection(ProjectConfigurationPlatforms) = postSolution
		{6A92775D-2033-4E0D-B26D-3368891509FE}.Debug|Any CPU.ActiveCfg = Debug|Any CPU
		{6A92775D-2033-4E0D-B26D-3368891509FE}.Debug|Any CPU.Build.0 = Debug|Any CPU
		{6A92775D-2033-4E0D-B26D-3368891509FE}.Release|Any CPU.ActiveCfg = Release|Any CPU
		{6A92775D-2033-4E0D-B26D-3368891509FE}.Release|Any CPU.Build.0 = Release|Any CPU
	EndGlobalSection
	GlobalSection(SolutionProperties) = preSolution
		HideSolutionNode = FALSE
	EndGlobalSection
	GlobalSection(NestedProjects) = preSolution
		{6A92775D-2033-4E0D-B26D-3368891509FE} = {8820AE97-BB9E-4D6C-A238-B0B2F5921778}
		{962987AB-630E-47B5-A9A8-E6D76CF95F29} = {8820AE97-BB9E-4D6C-A238-B0B2F5921778}
	EndGlobalSection
EndGlobal
